{
  "requires": true,
  "lockfileVersion": 1,
  "dependencies": {
    "animate.css": {
      "version": "3.6.1",
      "resolved": "https://registry.npmjs.org/animate.css/-/animate.css-3.6.1.tgz",
      "integrity": "sha512-xEIzzKyQvQSIldgrtC2d/qptAEQLVlMb6xQrjQ6HU6NyGhF7LAIivRZVmhSAg4EICRASNiS+A1G+wvAKTCoC7A=="
    },
    "fuse.js": {
      "version": "3.2.0",
      "resolved": "https://registry.npmjs.org/fuse.js/-/fuse.js-3.2.0.tgz",
      "integrity": "sha1-8ESOgGmFW/Kj5oPNwdMg5+KgfvQ="
    },
    "gitment": {
      "version": "0.0.3",
      "resolved": "https://registry.npmjs.org/gitment/-/gitment-0.0.3.tgz",
      "integrity": "sha1-28y610gLE0W2VpE71w7/eSp7OLg=",
      "requires": {
        "mobx": "3.6.2"
      }
    },
    "headroom.js": {
      "version": "0.9.4",
      "resolved": "https://registry.npmjs.org/headroom.js/-/headroom.js-0.9.4.tgz",
      "integrity": "sha1-DE5rRWO7ad9Vrs3vq6MidWby31o="
    },
    "jquery": {
      "version": "3.3.1",
      "resolved": "https://registry.npmjs.org/jquery/-/jquery-3.3.1.tgz",
      "integrity": "sha512-Ubldcmxp5np52/ENotGxlLe6aGMvmF4R8S6tZjsP6Knsaxd/xp3Zrh50cG93lR6nPXyUFwzN3ZSOQI0wRJNdGg=="
    },
    "jshashes": {
      "version": "1.0.7",
      "resolved": "https://registry.npmjs.org/jshashes/-/jshashes-1.0.7.tgz",
      "integrity": "sha1-vtjJeg6WMv0FE5FvVfdt1Uhr5Z8="
    },
    "lg-zoom": {
      "version": "1.1.0",
      "resolved": "https://registry.npmjs.org/lg-zoom/-/lg-zoom-1.1.0.tgz",
      "integrity": "sha1-cmzcNHSNvXwTcv7tswF75QnhCVE=",
      "requires": {
        "jquery": "3.3.1"
      }
    },
    "mobx": {
      "version": "3.6.2",
      "resolved": "https://registry.npmjs.org/mobx/-/mobx-3.6.2.tgz",
      "integrity": "sha512-Dq3boJFLpZEvuh5a/MbHLUIyN9XobKWIb0dBfkNOJffNkE3vtuY0C9kSDVpfH8BB0BPkVw8g22qCv7d05LEhKg=="
    },
    "noty": {
      "version": "3.2.0-beta",
      "resolved": "https://registry.npmjs.org/noty/-/noty-3.2.0-beta.tgz",
      "integrity": "sha512-a1//Rth1MTQ/GCvGzwBXrZqCwOPyxiIKMdHT1TlcdrDYBYVfb7vzwsU0N4x+j/HeIQTi6/pbP8lRtY9gBz/d3Q=="
    },
    "popper.js": {
      "version": "1.14.3",
      "resolved": "https://registry.npmjs.org/popper.js/-/popper.js-1.14.3.tgz",
      "integrity": "sha1-FDj5jQRqz3tNeM1QK/QYrGTU8JU="
    },
    "tippy.js": {
      "version": "2.5.0",
      "resolved": "https://registry.npmjs.org/tippy.js/-/tippy.js-2.5.0.tgz",
      "integrity": "sha512-xcxGi0lEM+rlZyOCDgE5RlOPLgy+wg9lzYXm8ZjCorX22cDxeS3iBrKxirWk0xGJ7wWo89QG0oKQvN4JVdEsRA==",
      "requires": {
        "popper.js": "1.14.3"
      }
    }
  }
}
